
Microsoft Visual Studio Solution File, Format Version 12.00
# Visual Studio Version 16
VisualStudioVersion = 16.0.30128.74
MinimumVisualStudioVersion = 10.0.40219.1
Project("{FAE04EC0-301F-11D3-BF4B-00C04F79EFBC}") = "AI_Fuzzy_Logic", "AI_Fuzzy_Logic\AI_Fuzzy_Logic.csproj", "{EF795C50-15AC-40DC-BD91-7DDD12ADA7D3}"
EndProject
Project("{FAE04EC0-301F-11D3-BF4B-00C04F79EFBC}") = "Fuzzy_Logic_Lib", "Fuzzy_Logic_Lib\Fuzzy_Logic_Lib.csproj", "{A81F514E-5FD7-4613-85BF-28BC816FB3DC}"
EndProject
Global
	GlobalSection(SolutionConfigurationPlatforms) = preSolution
		Debug|Any CPU = Debug|Any CPU
		Release|Any CPU = Release|Any CPU
	EndGlobalSection
	GlobalSection(ProjectConfigurationPlatforms) = postSolution
		{EF795C50-15AC-40DC-BD91-7DDD12ADA7D3}.Debug|Any CPU.ActiveCfg = Debug|Any CPU
		{EF795C50-15AC-40DC-BD91-7DDD12ADA7D3}.Debug|Any CPU.Build.0 = Debug|Any CPU
		{EF795C50-15AC-40DC-BD91-7DDD12ADA7D3}.Release|Any CPU.ActiveCfg = Release|Any CPU
		{EF795C50-15AC-40DC-BD91-7DDD12ADA7D3}.Release|Any CPU.Build.0 = Release|Any CPU
		{A81F514E-5FD7-4613-85BF-28BC816FB3DC}.Debug|Any CPU.ActiveCfg = Debug|Any CPU
		{A81F514E-5FD7-4613-85BF-28BC816FB3DC}.Debug|Any CPU.Build.0 = Debug|Any CPU
		{A81F514E-5FD7-4613-85BF-28BC816FB3DC}.Release|Any CPU.ActiveCfg = Release|Any CPU
		{A81F514E-5FD7-4613-85BF-28BC816FB3DC}.Release|Any CPU.Build.0 = Release|Any CPU
	EndGlobalSection
	GlobalSection(SolutionProperties) = preSolution
		HideSolutionNode = FALSE
	EndGlobalSection
	GlobalSection(ExtensibilityGlobals) = postSolution
		SolutionGuid = {631B44B1-0B35-4A09-B701-738EA9307898}
	EndGlobalSection
EndGlobal
